
Microsoft Visual Studio Solution File, Format Version 12.00
# Visual Studio Version 17
VisualStudioVersion = 17.11.35327.3
MinimumVisualStudioVersion = 10.0.40219.1
Project("{2150E333-8FDC-42A3-9474-1A3956D46DE8}") = "Core", "Core", "{AA4AFF70-4094-4AC8-B8C1-3BDCA5FB8FAC}"
EndProject
Project("{FAE04EC0-301F-11D3-BF4B-00C04F79EFBC}") = "Application", "Core\Application\Application.csproj", "{F1FDB47A-4637-4841-A27A-606F5C73834B}"
EndProject
Project("{FAE04EC0-301F-11D3-BF4B-00C04F79EFBC}") = "Domain", "Core\Domain\Domain.csproj", "{3A631C6E-B52E-4AA4-92D3-898C7CBCA3A8}"
EndProject
Project("{2150E333-8FDC-42A3-9474-1A3956D46DE8}") = "Frontend", "Frontend", "{62E652B6-664C-45E0-8D81-A3A01984D788}"
EndProject
Project("{FAE04EC0-301F-11D3-BF4B-00C04F79EFBC}") = "StationWebUI", "Frontend\StationWebUI\StationWebUI.csproj", "{C16FEA90-4BC8-4ECA-8BB7-9A155EE57868}"
EndProject
Project("{FAE04EC0-301F-11D3-BF4B-00C04F79EFBC}") = "DTO", "Frontend\DTO\DTO.csproj", "{A5152A67-0C7F-4D02-BEDA-3FAC222F7DA6}"
EndProject
Project("{2150E333-8FDC-42A3-9474-1A3956D46DE8}") = "Infrastructure", "Infrastructure", "{11802F8E-36F7-40C9-BD9F-0A95F8F9A37C}"
EndProject
Project("{FAE04EC0-301F-11D3-BF4B-00C04F79EFBC}") = "Persistence", "Infrastructure\Persistence\Persistence.csproj", "{B39E1313-3658-4158-91DD-9E4B4D8327CB}"
EndProject
Project("{2150E333-8FDC-42A3-9474-1A3956D46DE8}") = "Presentation", "Presentation", "{4BE0A7D8-B7E2-433D-88FC-DCD4EFAF0749}"
EndProject
Project("{FAE04EC0-301F-11D3-BF4B-00C04F79EFBC}") = "StationWebApi", "Presentation\StationWebApi\StationWebApi.csproj", "{7605F704-5C0D-4E47-A682-B76BCC296CEB}"
EndProject
Global
	GlobalSection(SolutionConfigurationPlatforms) = preSolution
		Debug|Any CPU = Debug|Any CPU
		Release|Any CPU = Release|Any CPU
	EndGlobalSection
	GlobalSection(ProjectConfigurationPlatforms) = postSolution
		{F1FDB47A-4637-4841-A27A-606F5C73834B}.Debug|Any CPU.ActiveCfg = Debug|Any CPU
		{F1FDB47A-4637-4841-A27A-606F5C73834B}.Debug|Any CPU.Build.0 = Debug|Any CPU
		{F1FDB47A-4637-4841-A27A-606F5C73834B}.Release|Any CPU.ActiveCfg = Release|Any CPU
		{F1FDB47A-4637-4841-A27A-606F5C73834B}.Release|Any CPU.Build.0 = Release|Any CPU
		{3A631C6E-B52E-4AA4-92D3-898C7CBCA3A8}.Debug|Any CPU.ActiveCfg = Debug|Any CPU
		{3A631C6E-B52E-4AA4-92D3-898C7CBCA3A8}.Debug|Any CPU.Build.0 = Debug|Any CPU
		{3A631C6E-B52E-4AA4-92D3-898C7CBCA3A8}.Release|Any CPU.ActiveCfg = Release|Any CPU
		{3A631C6E-B52E-4AA4-92D3-898C7CBCA3A8}.Release|Any CPU.Build.0 = Release|Any CPU
		{C16FEA90-4BC8-4ECA-8BB7-9A155EE57868}.Debug|Any CPU.ActiveCfg = Debug|Any CPU
		{C16FEA90-4BC8-4ECA-8BB7-9A155EE57868}.Debug|Any CPU.Build.0 = Debug|Any CPU
		{C16FEA90-4BC8-4ECA-8BB7-9A155EE57868}.Release|Any CPU.ActiveCfg = Release|Any CPU
		{C16FEA90-4BC8-4ECA-8BB7-9A155EE57868}.Release|Any CPU.Build.0 = Release|Any CPU
		{A5152A67-0C7F-4D02-BEDA-3FAC222F7DA6}.Debug|Any CPU.ActiveCfg = Debug|Any CPU
		{A5152A67-0C7F-4D02-BEDA-3FAC222F7DA6}.Debug|Any CPU.Build.0 = Debug|Any CPU
		{A5152A67-0C7F-4D02-BEDA-3FAC222F7DA6}.Release|Any CPU.ActiveCfg = Release|Any CPU
		{A5152A67-0C7F-4D02-BEDA-3FAC222F7DA6}.Release|Any CPU.Build.0 = Release|Any CPU
		{B39E1313-3658-4158-91DD-9E4B4D8327CB}.Debug|Any CPU.ActiveCfg = Debug|Any CPU
		{B39E1313-3658-4158-91DD-9E4B4D8327CB}.Debug|Any CPU.Build.0 = Debug|Any CPU
		{B39E1313-3658-4158-91DD-9E4B4D8327CB}.Release|Any CPU.ActiveCfg = Release|Any CPU
		{B39E1313-3658-4158-91DD-9E4B4D8327CB}.Release|Any CPU.Build.0 = Release|Any CPU
		{7605F704-5C0D-4E47-A682-B76BCC296CEB}.Debug|Any CPU.ActiveCfg = Debug|Any CPU
		{7605F704-5C0D-4E47-A682-B76BCC296CEB}.Debug|Any CPU.Build.0 = Debug|Any CPU
		{7605F704-5C0D-4E47-A682-B76BCC296CEB}.Release|Any CPU.ActiveCfg = Release|Any CPU
		{7605F704-5C0D-4E47-A682-B76BCC296CEB}.Release|Any CPU.Build.0 = Release|Any CPU
	EndGlobalSection
	GlobalSection(SolutionProperties) = preSolution
		HideSolutionNode = FALSE
	EndGlobalSection
	GlobalSection(NestedProjects) = preSolution
		{F1FDB47A-4637-4841-A27A-606F5C73834B} = {AA4AFF70-4094-4AC8-B8C1-3BDCA5FB8FAC}
		{3A631C6E-B52E-4AA4-92D3-898C7CBCA3A8} = {AA4AFF70-4094-4AC8-B8C1-3BDCA5FB8FAC}
		{C16FEA90-4BC8-4ECA-8BB7-9A155EE57868} = {62E652B6-664C-45E0-8D81-A3A01984D788}
		{A5152A67-0C7F-4D02-BEDA-3FAC222F7DA6} = {62E652B6-664C-45E0-8D81-A3A01984D788}
		{B39E1313-3658-4158-91DD-9E4B4D8327CB} = {11802F8E-36F7-40C9-BD9F-0A95F8F9A37C}
		{7605F704-5C0D-4E47-A682-B76BCC296CEB} = {4BE0A7D8-B7E2-433D-88FC-DCD4EFAF0749}
	EndGlobalSection
	GlobalSection(ExtensibilityGlobals) = postSolution
		SolutionGuid = {9D5FC16E-360A-4543-AA17-78BDC9FB198B}
	EndGlobalSection
EndGlobal
